
Microsoft Visual Studio Solution File, Format Version 12.00
# Visual Studio Version 17
VisualStudioVersion = 17.12.35707.178
MinimumVisualStudioVersion = 10.0.40219.1
Project("{2150E333-8FDC-42A3-9474-1A3956D46DE8}") = "00-Test", "00-Test", "{82779A8F-1D0E-47FD-ADF8-4B4713B0AB6D}"
EndProject
Project("{2150E333-8FDC-42A3-9474-1A3956D46DE8}") = "00-Api", "00-Api", "{54751A6A-2A61-4F06-B288-1D9313C724E0}"
EndProject
Project("{2150E333-8FDC-42A3-9474-1A3956D46DE8}") = "03-Cores", "03-Cores", "{210B22BC-939B-4567-9CE2-12ADAC7AAEE4}"
EndProject
Project("{2150E333-8FDC-42A3-9474-1A3956D46DE8}") = "01-Standards", "01-Standards", "{1565F65B-166A-4B4B-9A0F-E550D796E75D}"
EndProject
Project("{FAE04EC0-301F-11D3-BF4B-00C04F79EFBC}") = "Base.Util.Common", "Base.Util.Common\Base.Util.Common.csproj", "{5097F825-39B0-491B-BBE2-41D00B7F716B}"
EndProject
Project("{FAE04EC0-301F-11D3-BF4B-00C04F79EFBC}") = "Base.TestConsoleApp", "Base.TestConsoleApp\Base.TestConsoleApp.csproj", "{7B83641F-BEE2-4E16-AC09-1D6801D18FC3}"
EndProject
Project("{FAE04EC0-301F-11D3-BF4B-00C04F79EFBC}") = "Base.Util.NPOI", "Base.Util.NPOI\Base.Util.NPOI.csproj", "{1E521ED5-6ACB-42AB-8B68-77B4A82D4C20}"
EndProject
Project("{FAE04EC0-301F-11D3-BF4B-00C04F79EFBC}") = "Base.Util.Redis", "Base.Util.Redis\Base.Util.Redis.csproj", "{5FFD9AB7-0933-41D5-9B21-4EBA96BA2199}"
EndProject
Project("{FAE04EC0-301F-11D3-BF4B-00C04F79EFBC}") = "Base.AuthorityApi", "Base.AuthorityApi\Base.AuthorityApi.csproj", "{4147FCD1-CA8F-4A43-B343-DB3EC136BA55}"
EndProject
Project("{FAE04EC0-301F-11D3-BF4B-00C04F79EFBC}") = "Base.Util.SqlSugarBase", "Base.Util.SqlSugarBase\Base.Util.SqlSugarBase.csproj", "{E5C129F8-28ED-492D-AC5E-9378FCEA29CE}"
EndProject
Project("{2150E333-8FDC-42A3-9474-1A3956D46DE8}") = "02-Repositorys", "02-Repositorys", "{02EA681E-C7D8-13C7-8484-4AC65E1B71E8}"
EndProject
Project("{FAE04EC0-301F-11D3-BF4B-00C04F79EFBC}") = "Base.Util.Repository.SqlSugars", "Base.Util.Repository.SqlSugars\Base.Util.Repository.SqlSugars.csproj", "{5CEBDFC8-7FAE-4FDB-B88D-42B00A8596F9}"
EndProject
Project("{FAE04EC0-301F-11D3-BF4B-00C04F79EFBC}") = "Base.Util.Core.Base", "Base.Util.Core.Base\Base.Util.Core.Base.csproj", "{A2663719-8089-4B4D-B906-9766A6ABC518}"
EndProject
Global
	GlobalSection(SolutionConfigurationPlatforms) = preSolution
		Debug|Any CPU = Debug|Any CPU
		Release|Any CPU = Release|Any CPU
	EndGlobalSection
	GlobalSection(ProjectConfigurationPlatforms) = postSolution
		{5097F825-39B0-491B-BBE2-41D00B7F716B}.Debug|Any CPU.ActiveCfg = Debug|Any CPU
		{5097F825-39B0-491B-BBE2-41D00B7F716B}.Debug|Any CPU.Build.0 = Debug|Any CPU
		{5097F825-39B0-491B-BBE2-41D00B7F716B}.Release|Any CPU.ActiveCfg = Release|Any CPU
		{5097F825-39B0-491B-BBE2-41D00B7F716B}.Release|Any CPU.Build.0 = Release|Any CPU
		{7B83641F-BEE2-4E16-AC09-1D6801D18FC3}.Debug|Any CPU.ActiveCfg = Debug|Any CPU
		{7B83641F-BEE2-4E16-AC09-1D6801D18FC3}.Debug|Any CPU.Build.0 = Debug|Any CPU
		{7B83641F-BEE2-4E16-AC09-1D6801D18FC3}.Release|Any CPU.ActiveCfg = Release|Any CPU
		{7B83641F-BEE2-4E16-AC09-1D6801D18FC3}.Release|Any CPU.Build.0 = Release|Any CPU
		{1E521ED5-6ACB-42AB-8B68-77B4A82D4C20}.Debug|Any CPU.ActiveCfg = Debug|Any CPU
		{1E521ED5-6ACB-42AB-8B68-77B4A82D4C20}.Debug|Any CPU.Build.0 = Debug|Any CPU
		{1E521ED5-6ACB-42AB-8B68-77B4A82D4C20}.Release|Any CPU.ActiveCfg = Release|Any CPU
		{1E521ED5-6ACB-42AB-8B68-77B4A82D4C20}.Release|Any CPU.Build.0 = Release|Any CPU
		{5FFD9AB7-0933-41D5-9B21-4EBA96BA2199}.Debug|Any CPU.ActiveCfg = Debug|Any CPU
		{5FFD9AB7-0933-41D5-9B21-4EBA96BA2199}.Debug|Any CPU.Build.0 = Debug|Any CPU
		{5FFD9AB7-0933-41D5-9B21-4EBA96BA2199}.Release|Any CPU.ActiveCfg = Release|Any CPU
		{5FFD9AB7-0933-41D5-9B21-4EBA96BA2199}.Release|Any CPU.Build.0 = Release|Any CPU
		{4147FCD1-CA8F-4A43-B343-DB3EC136BA55}.Debug|Any CPU.ActiveCfg = Debug|Any CPU
		{4147FCD1-CA8F-4A43-B343-DB3EC136BA55}.Debug|Any CPU.Build.0 = Debug|Any CPU
		{4147FCD1-CA8F-4A43-B343-DB3EC136BA55}.Release|Any CPU.ActiveCfg = Release|Any CPU
		{4147FCD1-CA8F-4A43-B343-DB3EC136BA55}.Release|Any CPU.Build.0 = Release|Any CPU
		{E5C129F8-28ED-492D-AC5E-9378FCEA29CE}.Debug|Any CPU.ActiveCfg = Debug|Any CPU
		{E5C129F8-28ED-492D-AC5E-9378FCEA29CE}.Debug|Any CPU.Build.0 = Debug|Any CPU
		{E5C129F8-28ED-492D-AC5E-9378FCEA29CE}.Release|Any CPU.ActiveCfg = Release|Any CPU
		{E5C129F8-28ED-492D-AC5E-9378FCEA29CE}.Release|Any CPU.Build.0 = Release|Any CPU
		{5CEBDFC8-7FAE-4FDB-B88D-42B00A8596F9}.Debug|Any CPU.ActiveCfg = Debug|Any CPU
		{5CEBDFC8-7FAE-4FDB-B88D-42B00A8596F9}.Debug|Any CPU.Build.0 = Debug|Any CPU
		{5CEBDFC8-7FAE-4FDB-B88D-42B00A8596F9}.Release|Any CPU.ActiveCfg = Release|Any CPU
		{5CEBDFC8-7FAE-4FDB-B88D-42B00A8596F9}.Release|Any CPU.Build.0 = Release|Any CPU
		{A2663719-8089-4B4D-B906-9766A6ABC518}.Debug|Any CPU.ActiveCfg = Debug|Any CPU
		{A2663719-8089-4B4D-B906-9766A6ABC518}.Debug|Any CPU.Build.0 = Debug|Any CPU
		{A2663719-8089-4B4D-B906-9766A6ABC518}.Release|Any CPU.ActiveCfg = Release|Any CPU
		{A2663719-8089-4B4D-B906-9766A6ABC518}.Release|Any CPU.Build.0 = Release|Any CPU
	EndGlobalSection
	GlobalSection(SolutionProperties) = preSolution
		HideSolutionNode = FALSE
	EndGlobalSection
	GlobalSection(NestedProjects) = preSolution
		{5097F825-39B0-491B-BBE2-41D00B7F716B} = {1565F65B-166A-4B4B-9A0F-E550D796E75D}
		{7B83641F-BEE2-4E16-AC09-1D6801D18FC3} = {82779A8F-1D0E-47FD-ADF8-4B4713B0AB6D}
		{1E521ED5-6ACB-42AB-8B68-77B4A82D4C20} = {1565F65B-166A-4B4B-9A0F-E550D796E75D}
		{5FFD9AB7-0933-41D5-9B21-4EBA96BA2199} = {1565F65B-166A-4B4B-9A0F-E550D796E75D}
		{4147FCD1-CA8F-4A43-B343-DB3EC136BA55} = {54751A6A-2A61-4F06-B288-1D9313C724E0}
		{E5C129F8-28ED-492D-AC5E-9378FCEA29CE} = {1565F65B-166A-4B4B-9A0F-E550D796E75D}
		{5CEBDFC8-7FAE-4FDB-B88D-42B00A8596F9} = {02EA681E-C7D8-13C7-8484-4AC65E1B71E8}
		{A2663719-8089-4B4D-B906-9766A6ABC518} = {210B22BC-939B-4567-9CE2-12ADAC7AAEE4}
	EndGlobalSection
	GlobalSection(ExtensibilityGlobals) = postSolution
		SolutionGuid = {DCA0E5A2-E7AC-4FD6-B9A3-C6AB637FC542}
	EndGlobalSection
EndGlobal
